version = 1
revision = 3
requires-python = ">=3.12"

[[package]]
name = "cirruswikt2germangenders"
version = "0.1.0"
source = { virtual = "." }
dependencies = [
    { name = "mwparserfromhell" },
    { name = "parsy" },
    { name = "psycopg" },
]

[package.dev-dependencies]
dev = [
    { name = "pytest" },
]

[package.metadata]
requires-dist = [
    { name = "mwparserfromhell", specifier = ">=0.7.2" },
    { name = "parsy", specifier = ">=2.2" },
    { name = "psycopg", specifier = ">=3.3.4" },
]

[package.metadata.requires-dev]
dev = [{ name = "pytest", specifier = ">=9.1.1" }]

[[package]]
name = "colorama"
version = "0.4.6"
source = { registry = "https://pypi.org/simple" }
sdist = { url = "https://files.pythonhosted.org/packages/d8/53/6f443c9a4a8358a93a6792e2acffb9d9d5cb0a5cfd8802644b7b1c9a02e4/colorama-0.4.6.tar.gz", hash = "sha256:08695f5cb7ed6e0531a20572697297273c47b8cae5a63ffc6d6ed5c201be6e44", size = 27697, upload-time = "2022-10-25T02:36:22.414Z" }
wheels = [
    { url = "https://files.pythonhosted.org/packages/d1/d6/3965ed04c63042e047cb6a3e6ed1a63a35087b6a609aa3a15ed8ac56c221/colorama-0.4.6-py2.py3-none-any.whl", hash = "sha256:4f1d9991f5acc0ca119f9d443620b77f9d6b33703e51011c16baf57afb285fc6", size = 25335, upload-time = "2022-10-25T02:36:20.889Z" },
]

[[package]]
name = "iniconfig"
version = "2.3.0"
source = { registry = "https://pypi.org/simple" }
sdist = { url = "https://files.pythonhosted.org/packages/72/34/14ca021ce8e5dfedc35312d08ba8bf51fdd999c576889fc2c24cb97f4f10/iniconfig-2.3.0.tar.gz", hash = "sha256:c76315c77db068650d49c5b56314774a7804df16fee4402c1f19d6d15d8c4730", size = 20503, upload-time = "2025-10-18T21:55:43.219Z" }
wheels = [
    { url = "https://files.pythonhosted.org/packages/cb/b1/3846dd7f199d53cb17f49cba7e651e9ce294d8497c8c150530ed11865bb8/iniconfig-2.3.0-py3-none-any.whl", hash = "sha256:f631c04d2c48c52b84d0d0549c99ff3859c98df65b3101406327ecc7d53fbf12", size = 7484, upload-time = "2025-10-18T21:55:41.639Z" },
]

[[package]]
name = "mwparserfromhell"
version = "0.7.2"
source = { registry = "https://pypi.org/simple" }
sdist = { url = "https://files.pythonhosted.org/packages/eb/e1/4e4b53fd838b82061243222d6123ddaf6176278b1ad7058382a1312cb7ae/mwparserfromhell-0.7.2.tar.gz", hash = "sha256:f4193072e9ea93b9e88f772f60a02125c0602d32890d0bbdcb275ed58c8b3763", size = 196317, upload-time = "2025-07-01T05:27:09.697Z" }
wheels = [
    { url = "https://files.pythonhosted.org/packages/ff/9a/0188a9d0837999e061176b9bea7cd701c710eb627927d75d0b38fa2b1c27/mwparserfromhell-0.7.2-cp312-cp312-macosx_10_13_x86_64.whl", hash = "sha256:bc75b1de65ce5b05823942398f77265650a29e13cff6495a15d3c3573cbf7b1a", size = 154527, upload-time = "2025-07-01T05:26:38.2Z" },
    { url = "https://files.pythonhosted.org/packages/46/de/ff83509c5d344c85524cf2497e214d50f6c4b4153bdd7b49aa24e0fc302f/mwparserfromhell-0.7.2-cp312-cp312-macosx_11_0_arm64.whl", hash = "sha256:efe6e5255379ff66a08d2102004b26a456692dafbab0cb1e52bed275a43f1c4c", size = 154635, upload-time = "2025-07-01T05:26:39.331Z" },
    { url = "https://files.pythonhosted.org/packages/18/51/c5892980c6441fc7b06ea7c3130fd608f91f4f2d45118938f6c630647e96/mwparserfromhell-0.7.2-cp312-cp312-manylinux2014_aarch64.manylinux_2_17_aarch64.manylinux_2_28_aarch64.whl", hash = "sha256:680c96019a62d6f815dad4e7c921383284485ba1f69353ed7ead02d3f232edfc", size = 261644, upload-time = "2025-07-01T05:26:40.479Z" },
    { url = "https://files.pythonhosted.org/packages/79/38/1e058c40d19caa2f0bc5474cf285ad78f6a0e72ef6262a8471534d308091/mwparserfromhell-0.7.2-cp312-cp312-manylinux2014_x86_64.manylinux_2_17_x86_64.manylinux_2_28_x86_64.whl", hash = "sha256:1c992003d7a053963006c94ce7eeaf509575c02bf132181da8130086c18ad5df", size = 256548, upload-time = "2025-07-01T05:26:41.823Z" },
    { url = "https://files.pythonhosted.org/packages/79/82/42ae87924cb26f12dacd1dba3804463e13f9059756d68d7346278eadc3e9/mwparserfromhell-0.7.2-cp312-cp312-musllinux_1_2_aarch64.whl", hash = "sha256:2a387532607b4d381baba5c8079f75e5a0201da2506ecd0657034c6b40c8d1e1", size = 257482, upload-time = "2025-07-01T05:26:43.033Z" },
    { url = "https://files.pythonhosted.org/packages/3e/be/b8a6489ddcae1aa85e0b376fff10caa19e8a31cf6e78f363c0e9c956c2fe/mwparserfromhell-0.7.2-cp312-cp312-musllinux_1_2_x86_64.whl", hash = "sha256:b34e5bcd5d7c1c80066abe601e39043f86bd43a581b7c6b46299e84e045e1c83", size = 253743, upload-time = "2025-07-01T05:26:44.724Z" },
    { url = "https://files.pythonhosted.org/packages/cb/7b/149c13c3b04cc7ef953280f4e38ca15a8f14c8d14fac6801ae9253fb1b1f/mwparserfromhell-0.7.2-cp312-cp312-win32.whl", hash = "sha256:33115b533e789935c1efd4f32a4b6082b597198499b176a05dd73a94a37232be", size = 153751, upload-time = "2025-07-01T05:26:45.919Z" },
    { url = "https://files.pythonhosted.org/packages/13/8b/de18b03f7df8e315682ae33028fb3e10cb895617d061092b9c9e055bf5de/mwparserfromhell-0.7.2-cp312-cp312-win_amd64.whl", hash = "sha256:4bd6e388b5e0f247c3b2484acb2a4bec4f7ba81598fa25956ec93b7abbd17fbe", size = 156405, upload-time = "2025-07-01T05:26:47.397Z" },
    { url = "https://files.pythonhosted.org/packages/4a/8e/cdbeaee3cdfa3531fb70380aed9ce9619c42b52735496cc1cd5a026986c3/mwparserfromhell-0.7.2-cp313-cp313-macosx_10_13_x86_64.whl", hash = "sha256:6032df04279c38b9eaaa332a608dd8241aa31f6f034d6ecdba1b4582fbb548b9", size = 154511, upload-time = "2025-07-01T05:26:48.633Z" },
    { url = "https://files.pythonhosted.org/packages/29/d0/2d639f526b1a7e1b0f9cba9957bb32cfac0629fb9069488cb0ae485627e8/mwparserfromhell-0.7.2-cp313-cp313-macosx_11_0_arm64.whl", hash = "sha256:6316f6bd1ca8451b312399b44b0b75096981f0fe92fbea108bade29af66bea9b", size = 154618, upload-time = "2025-07-01T05:26:50.122Z" },
    { url = "https://files.pythonhosted.org/packages/fa/cb/a4f485681f2b981dd17aafa90ba98635e2ba18a17805af464669100a568a/mwparserfromhell-0.7.2-cp313-cp313-manylinux2014_aarch64.manylinux_2_17_aarch64.manylinux_2_28_aarch64.whl", hash = "sha256:535c2e8b9aedf3b00fbbb9942df4a659bc66dfb8feb6fca114e97cef48d64680", size = 262181, upload-time = "2025-07-01T05:26:51.596Z" },
    { url = "https://files.pythonhosted.org/packages/34/ec/eba98e51b1b9a0a50de5459462ee62843c03a9538ae01602dd2a98207d67/mwparserfromhell-0.7.2-cp313-cp313-manylinux2014_x86_64.manylinux_2_17_x86_64.manylinux_2_28_x86_64.whl", hash = "sha256:b5345e6b42db45d48162c7bad9b2ce71b6a5ba2e2dea3987eb82b991e5cb9918", size = 256919, upload-time = "2025-07-01T05:26:52.809Z" },
    { url = "https://files.pythonhosted.org/packages/94/85/303293cb0aff73a178584be9c7a6a8022bc93922117df8fc814264e9d319/mwparserfromhell-0.7.2-cp313-cp313-musllinux_1_2_aarch64.whl", hash = "sha256:fef24a97b0b08f02646be2e018284884f8e6cb9740eea60a10404b5369c04ef6", size = 257835, upload-time = "2025-07-01T05:26:54.198Z" },
    { url = "https://files.pythonhosted.org/packages/c1/06/b1cdc1844505fc1894ef1f94674193b9bbf7418b173586800eda8686442d/mwparserfromhell-0.7.2-cp313-cp313-musllinux_1_2_x86_64.whl", hash = "sha256:4ed1d61927d0ad618352732dc2a2218f3b14e19a6ee6e490b42a6ed535acc301", size = 254083, upload-time = "2025-07-01T05:26:55.829Z" },
    { url = "https://files.pythonhosted.org/packages/b2/b2/12810d49d24ea35e38ff008c539de49295137e98384433f6ee43502af94e/mwparserfromhell-0.7.2-cp313-cp313-win32.whl", hash = "sha256:0661642c78f8d13369d09401a5c4240f4c91b5af1317e66d7f6270b8b0aecd85", size = 153746, upload-time = "2025-07-01T05:26:57.002Z" },
    { url = "https://files.pythonhosted.org/packages/e2/eb/09a2201943390f2491df5a2fc1fe9abc06b0115116bef799e11725c65ced/mwparserfromhell-0.7.2-cp313-cp313-win_amd64.whl", hash = "sha256:52f193b59c1b6109b210ad85536ce3c569861c3bb9da7b1875618d8ba54c396f", size = 156401, upload-time = "2025-07-01T05:26:58.085Z" },
]

[[package]]
name = "packaging"
version = "26.3"
source = { registry = "https://pypi.org/simple" }
sdist = { url = "https://files.pythonhosted.org/packages/7d/fa/3944b40b07da9ce895c0e6303a5ab7d53da063554f534556b134a54d6093/packaging-26.3.tar.gz", hash = "sha256:94edc256424af38762eb31306eed28beb9f0efc50a8837492c9d6fd6004aed79", size = 313412, upload-time = "2026-08-04T18:15:28.737Z" }
wheels = [
    { url = "https://files.pythonhosted.org/packages/63/34/ba1c580383c9eada3711951fef0795c80b829a078d72188184bcab9dd527/packaging-26.3-py3-none-any.whl", hash = "sha256:d7193f7c8e4e93f444fde0262bf90af30e16fa0ad0ad44cb553c87339b23cd1c", size = 129956, upload-time = "2026-08-04T18:15:27.159Z" },
]

[[package]]
name = "parsy"
version = "2.2"
source = { registry = "https://pypi.org/simple" }
sdist = { url = "https://files.pythonhosted.org/packages/cc/58/1e3f382eef9e50a2a115486b0c178d22bb97d2fbb85421ccbe5d3a783530/parsy-2.2.tar.gz", hash = "sha256:e943147644a8cf0d82d1bcb5c5867dd517495254cea3e3eb058b1e421cb7561f", size = 47296, upload-time = "2025-09-12T11:39:26.783Z" }
wheels = [
    { url = "https://files.pythonhosted.org/packages/77/fc/8cb9073bb1bee54eb49a1ae501a36402d01763812962ac811cdc1c81a9d7/parsy-2.2-py3-none-any.whl", hash = "sha256:5e981613d9d2d8b68012d1dd0afe928967bea2e4eefdb76c2f545af0dd02a9e7", size = 9538, upload-time = "2025-09-12T11:39:25.749Z" },
]

[[package]]
name = "pluggy"
version = "1.6.0"
source = { registry = "https://pypi.org/simple" }
sdist = { url = "https://files.pythonhosted.org/packages/f9/e2/3e91f31a7d2b083fe6ef3fa267035b518369d9511ffab804f839851d2779/pluggy-1.6.0.tar.gz", hash = "sha256:7dcc130b76258d33b90f61b658791dede3486c3e6bfb003ee5c9bfb396dd22f3", size = 69412, upload-time = "2025-05-15T12:30:07.975Z" }
wheels = [
    { url = "https://files.pythonhosted.org/packages/54/20/4d324d65cc6d9205fabedc306948156824eb9f0ee1633355a8f7ec5c66bf/pluggy-1.6.0-py3-none-any.whl", hash = "sha256:e920276dd6813095e9377c0bc5566d94c932c33b27a3e3945d8389c374dd4746", size = 20538, upload-time = "2025-05-15T12:30:06.134Z" },
]

[[package]]
name = "psycopg"
version = "3.3.4"
source = { registry = "https://pypi.org/simple" }
dependencies = [
    { name = "typing-extensions", marker = "python_full_version < '3.13'" },
    { name = "tzdata", marker = "sys_platform == 'win32'" },
]
sdist = { url = "https://files.pythonhosted.org/packages/db/2f/cb91e5502ec9de1de6f1b76cfbf69531932725361168bb06963620c77e2e/psycopg-3.3.4.tar.gz", hash = "sha256:e21207764952cff81b6b8bdacad9a3939f2793367fdac2987b3aac36a651b5bc", size = 165799, upload-time = "2026-05-01T23:31:55.179Z" }
wheels = [
    { url = "https://files.pythonhosted.org/packages/5c/e0/7b3dee031daae7743609ce3c746565d4a3ed7c2c186479eb48e34e838c64/psycopg-3.3.4-py3-none-any.whl", hash = "sha256:b6bbc25ccf05c8fad3b061d9db2ef0909a555171b84b07f29458a447253d679a", size = 213001, upload-time = "2026-05-01T23:20:50.816Z" },
]

[[package]]
name = "pygments"
version = "2.21.0"
source = { registry = "https://pypi.org/simple" }
sdist = { url = "https://files.pythonhosted.org/packages/49/2e/ced460408999b33da6b31b0021b0f37d329e202d4169aeb164493778f25b/pygments-2.21.0.tar.gz", hash = "sha256:610ca751c9bc2492b38eb9a38a7fbc93edbbb2d7182edaf34e66ae493dee5c8c", size = 5005329, upload-time = "2026-08-17T08:02:48.824Z" }
wheels = [
    { url = "https://files.pythonhosted.org/packages/71/46/17f022dd3e953bf20a04a028a21ec746d942f8d2af30fa0f124fa0e6a684/pygments-2.21.0-py3-none-any.whl", hash = "sha256:2363c69b61c4a97c838da3b130dcd6468f4848992b21a82f2a63ec34377137d9", size = 1250147, upload-time = "2026-08-17T08:02:44.912Z" },
]

[[package]]
name = "pytest"
version = "9.1.1"
source = { registry = "https://pypi.org/simple" }
dependencies = [
    { name = "colorama", marker = "sys_platform == 'win32'" },
    { name = "iniconfig" },
    { name = "packaging" },
    { name = "pluggy" },
    { name = "pygments" },
]
sdist = { url = "https://files.pythonhosted.org/packages/e4/47/b9efed96c114afcfa3c9d3fe98a76a1d14c74a9e266d397cf6eb64be5e01/pytest-9.1.1.tar.gz", hash = "sha256:1088fbde8f2b49d95a549a195707afa7a76a3ce9bcadc26b6d71f0ffda5fe313", size = 1636369, upload-time = "2026-06-19T10:58:32.857Z" }
wheels = [
    { url = "https://files.pythonhosted.org/packages/24/25/1de2678b631f5a49215c6c96fff41ba892b0a34df68d6d80292b1b48aa7f/pytest-9.1.1-py3-none-any.whl", hash = "sha256:37a86b45efb9a47a61a36449063e8e18d0cab3161329fc099eb21783169c4f0c", size = 386536, upload-time = "2026-06-19T10:58:31.347Z" },
]

[[package]]
name = "typing-extensions"
version = "4.16.0"
source = { registry = "https://pypi.org/simple" }
sdist = { url = "https://files.pythonhosted.org/packages/f6/cc/6253133b5bb138fc3306cebfbda2c520f545d36b5be2c7255cc528bb45d6/typing_extensions-4.16.0.tar.gz", hash = "sha256:dc983d19a509c94dba722ee6abd33940f7c05a89e243c47e907eb4db6f1a43e5", size = 113555, upload-time = "2026-07-02T08:40:05.92Z" }
wheels = [
    { url = "https://files.pythonhosted.org/packages/49/d3/b8441a820a491ddfc024b0b0cf0393375b75ea13866d9c66727e54c2fc80/typing_extensions-4.16.0-py3-none-any.whl", hash = "sha256:481caa481374e813c1b176ada14e97f1f67a4539ce9cfeb3f350d78d6370c2e8", size = 45571, upload-time = "2026-07-02T08:40:04.659Z" },
]

[[package]]
name = "tzdata"
version = "2026.3"
source = { registry = "https://pypi.org/simple" }
sdist = { url = "https://files.pythonhosted.org/packages/92/ff/5a28bdfd8c3ebec42564ac7d0e54ca3db65044a9314a97f9564fa7a1e926/tzdata-2026.3.tar.gz", hash = "sha256:4a1518b8993086a7982523e071643f3c0e5f213e75b21318e78bcabfff9d1415", size = 198674, upload-time = "2026-07-10T08:50:37.887Z" }
wheels = [
    { url = "https://files.pythonhosted.org/packages/e5/6d/b53b99a9f2766d095985947a5782f1702cabb129a34f7a802d7197af832f/tzdata-2026.3-py2.py3-none-any.whl", hash = "sha256:dc096730c87af6cab1b171c9d532be840741ff5d459015e7f6947bd7d7e54931", size = 348168, upload-time = "2026-07-10T08:50:36.46Z" },
]
